PODS:
  - FSClassExtensions (1.2.0):
    - FSClassExtensions/Shared (= 1.2.0)
  - FSClassExtensions/Shared (1.2.0)
  - FSStoryboardHelpers (1.0.0):
    - FSClassExtensions (~> 1.0)

DEPENDENCIES:
  - FSStoryboardHelpers (from `../FSStoryboardHelpers.podspec`)

EXTERNAL SOURCES:
  FSStoryboardHelpers:
    :path: ../FSStoryboardHelpers.podspec

SPEC CHECKSUMS:
  FSClassExtensions: 6b9295efc8f17b30710cf0ad71f3ee71848f2a7b
  FSStoryboardHelpers: 30a44745356366b8002270ee86662c7c0155fee4

COCOAPODS: 0.35.0.rc2
